
Microsoft Visual Studio Solution File, Format Version 9.00
# Visual Studio 2005
Project("{8BC9CEB8-8B4A-11D0-8D11-00A0C91BC942}") = "CorePG", "CorePG\CorePG.vcproj", "{3FA004F1-2FA0-4B19-B0FE-67DDF6368DAB}"
EndProject
Project("{8BC9CEB8-8B4A-11D0-8D11-00A0C91BC942}") = "game", "game\game.vcproj", "{0842C6CE-3AFF-4383-9A18-983CBE59824A}"
	ProjectSection(ProjectDependencies) = postProject
		{3FA004F1-2FA0-4B19-B0FE-67DDF6368DAB} = {3FA004F1-2FA0-4B19-B0FE-67DDF6368DAB}
	EndProjectSection
EndProject
Global
	GlobalSection(SolutionConfigurationPlatforms) = preSolution
		Debug|Win32 = Debug|Win32
		Release|Win32 = Release|Win32
	EndGlobalSection
	GlobalSection(ProjectConfigurationPlatforms) = postSolution
		{3FA004F1-2FA0-4B19-B0FE-67DDF6368DAB}.Debug|Win32.ActiveCfg = Debug|Win32
		{3FA004F1-2FA0-4B19-B0FE-67DDF6368DAB}.Debug|Win32.Build.0 = Debug|Win32
		{3FA004F1-2FA0-4B19-B0FE-67DDF6368DAB}.Release|Win32.ActiveCfg = Release|Win32
		{3FA004F1-2FA0-4B19-B0FE-67DDF6368DAB}.Release|Win32.Build.0 = Release|Win32
		{0842C6CE-3AFF-4383-9A18-983CBE59824A}.Debug|Win32.ActiveCfg = Debug|Win32
		{0842C6CE-3AFF-4383-9A18-983CBE59824A}.Debug|Win32.Build.0 = Debug|Win32
		{0842C6CE-3AFF-4383-9A18-983CBE59824A}.Release|Win32.ActiveCfg = Release|Win32
		{0842C6CE-3AFF-4383-9A18-983CBE59824A}.Release|Win32.Build.0 = Release|Win32
	EndGlobalSection
	GlobalSection(SolutionProperties) = preSolution
		HideSolutionNode = FALSE
	EndGlobalSection
EndGlobal
